
Microsoft Visual Studio Solution File, Format Version 12.00
# Visual Studio 15
VisualStudioVersion = 15.0.27428.1
MinimumVisualStudioVersion = 10.0.40219.1
Project("{FAE04EC0-301F-11D3-BF4B-00C04F79EFBC}") = "PsiDataCollection", "PsiDataCollection\PsiDataCollection.csproj", "{C60ACE6B-AAB8-4DB4-9930-CA0F3E263A64}"
EndProject
Project("{FAE04EC0-301F-11D3-BF4B-00C04F79EFBC}") = "PsiUserInterface", "PsiUserInterface\PsiUserInterface.csproj", "{98AB9215-1EEA-478C-A469-E32427EC8B91}"
EndProject
Project("{8BC9CEB8-8B4A-11D0-8D11-00A0C91BC942}") = "PsiPasswordRestore", "PsiPasswordRestore\PsiPasswordRestore.vcxproj", "{2A504365-61A6-489F-97C9-9F1911ECA6E7}"
EndProject
Project("{FAE04EC0-301F-11D3-BF4B-00C04F79EFBC}") = "PsiDataLibrary", "PsiDataLibrary\PsiDataLibrary.csproj", "{74337F6F-6AD2-440C-B6B1-8655D76C3D94}"
EndProject
Project("{FAE04EC0-301F-11D3-BF4B-00C04F79EFBC}") = "PsiTest", "PsiTest\PsiTest.csproj", "{96B2CA83-BCB7-4984-816E-4982769CF7A5}"
EndProject
Global
	GlobalSection(SolutionConfigurationPlatforms) = preSolution
		Debug|Any CPU = Debug|Any CPU
		Debug|x64 = Debug|x64
		Debug|x86 = Debug|x86
		Release|Any CPU = Release|Any CPU
		Release|x64 = Release|x64
		Release|x86 = Release|x86
	EndGlobalSection
	GlobalSection(ProjectConfigurationPlatforms) = postSolution
		{C60ACE6B-AAB8-4DB4-9930-CA0F3E263A64}.Debug|Any CPU.ActiveCfg = Debug|Any CPU
		{C60ACE6B-AAB8-4DB4-9930-CA0F3E263A64}.Debug|Any CPU.Build.0 = Debug|Any CPU
		{C60ACE6B-AAB8-4DB4-9930-CA0F3E263A64}.Debug|x64.ActiveCfg = Debug|Any CPU
		{C60ACE6B-AAB8-4DB4-9930-CA0F3E263A64}.Debug|x64.Build.0 = Debug|Any CPU
		{C60ACE6B-AAB8-4DB4-9930-CA0F3E263A64}.Debug|x86.ActiveCfg = Debug|Any CPU
		{C60ACE6B-AAB8-4DB4-9930-CA0F3E263A64}.Debug|x86.Build.0 = Debug|Any CPU
		{C60ACE6B-AAB8-4DB4-9930-CA0F3E263A64}.Release|Any CPU.ActiveCfg = Release|Any CPU
		{C60ACE6B-AAB8-4DB4-9930-CA0F3E263A64}.Release|Any CPU.Build.0 = Release|Any CPU
		{C60ACE6B-AAB8-4DB4-9930-CA0F3E263A64}.Release|x64.ActiveCfg = Release|Any CPU
		{C60ACE6B-AAB8-4DB4-9930-CA0F3E263A64}.Release|x64.Build.0 = Release|Any CPU
		{C60ACE6B-AAB8-4DB4-9930-CA0F3E263A64}.Release|x86.ActiveCfg = Release|Any CPU
		{C60ACE6B-AAB8-4DB4-9930-CA0F3E263A64}.Release|x86.Build.0 = Release|Any CPU
		{98AB9215-1EEA-478C-A469-E32427EC8B91}.Debug|Any CPU.ActiveCfg = Debug|Any CPU
		{98AB9215-1EEA-478C-A469-E32427EC8B91}.Debug|Any CPU.Build.0 = Debug|Any CPU
		{98AB9215-1EEA-478C-A469-E32427EC8B91}.Debug|x64.ActiveCfg = Debug|Any CPU
		{98AB9215-1EEA-478C-A469-E32427EC8B91}.Debug|x64.Build.0 = Debug|Any CPU
		{98AB9215-1EEA-478C-A469-E32427EC8B91}.Debug|x86.ActiveCfg = Debug|Any CPU
		{98AB9215-1EEA-478C-A469-E32427EC8B91}.Debug|x86.Build.0 = Debug|Any CPU
		{98AB9215-1EEA-478C-A469-E32427EC8B91}.Release|Any CPU.ActiveCfg = Release|Any CPU
		{98AB9215-1EEA-478C-A469-E32427EC8B91}.Release|Any CPU.Build.0 = Release|Any CPU
		{98AB9215-1EEA-478C-A469-E32427EC8B91}.Release|x64.ActiveCfg = Release|Any CPU
		{98AB9215-1EEA-478C-A469-E32427EC8B91}.Release|x64.Build.0 = Release|Any CPU
		{98AB9215-1EEA-478C-A469-E32427EC8B91}.Release|x86.ActiveCfg = Release|Any CPU
		{98AB9215-1EEA-478C-A469-E32427EC8B91}.Release|x86.Build.0 = Release|Any CPU
		{2A504365-61A6-489F-97C9-9F1911ECA6E7}.Debug|Any CPU.ActiveCfg = Debug|Win32
		{2A504365-61A6-489F-97C9-9F1911ECA6E7}.Debug|x64.ActiveCfg = Debug|x64
		{2A504365-61A6-489F-97C9-9F1911ECA6E7}.Debug|x64.Build.0 = Debug|x64
		{2A504365-61A6-489F-97C9-9F1911ECA6E7}.Debug|x86.ActiveCfg = Debug|Win32
		{2A504365-61A6-489F-97C9-9F1911ECA6E7}.Debug|x86.Build.0 = Debug|Win32
		{2A504365-61A6-489F-97C9-9F1911ECA6E7}.Release|Any CPU.ActiveCfg = Release|Win32
		{2A504365-61A6-489F-97C9-9F1911ECA6E7}.Release|x64.ActiveCfg = Release|x64
		{2A504365-61A6-489F-97C9-9F1911ECA6E7}.Release|x64.Build.0 = Release|x64
		{2A504365-61A6-489F-97C9-9F1911ECA6E7}.Release|x86.ActiveCfg = Release|Win32
		{2A504365-61A6-489F-97C9-9F1911ECA6E7}.Release|x86.Build.0 = Release|Win32
		{74337F6F-6AD2-440C-B6B1-8655D76C3D94}.Debug|Any CPU.ActiveCfg = Debug|Any CPU
		{74337F6F-6AD2-440C-B6B1-8655D76C3D94}.Debug|Any CPU.Build.0 = Debug|Any CPU
		{74337F6F-6AD2-440C-B6B1-8655D76C3D94}.Debug|x64.ActiveCfg = Debug|Any CPU
		{74337F6F-6AD2-440C-B6B1-8655D76C3D94}.Debug|x64.Build.0 = Debug|Any CPU
		{74337F6F-6AD2-440C-B6B1-8655D76C3D94}.Debug|x86.ActiveCfg = Debug|Any CPU
		{74337F6F-6AD2-440C-B6B1-8655D76C3D94}.Debug|x86.Build.0 = Debug|Any CPU
		{74337F6F-6AD2-440C-B6B1-8655D76C3D94}.Release|Any CPU.ActiveCfg = Release|Any CPU
		{74337F6F-6AD2-440C-B6B1-8655D76C3D94}.Release|Any CPU.Build.0 = Release|Any CPU
		{74337F6F-6AD2-440C-B6B1-8655D76C3D94}.Release|x64.ActiveCfg = Release|Any CPU
		{74337F6F-6AD2-440C-B6B1-8655D76C3D94}.Release|x64.Build.0 = Release|Any CPU
		{74337F6F-6AD2-440C-B6B1-8655D76C3D94}.Release|x86.ActiveCfg = Release|Any CPU
		{74337F6F-6AD2-440C-B6B1-8655D76C3D94}.Release|x86.Build.0 = Release|Any CPU
		{96B2CA83-BCB7-4984-816E-4982769CF7A5}.Debug|Any CPU.ActiveCfg = Debug|Any CPU
		{96B2CA83-BCB7-4984-816E-4982769CF7A5}.Debug|Any CPU.Build.0 = Debug|Any CPU
		{96B2CA83-BCB7-4984-816E-4982769CF7A5}.Debug|x64.ActiveCfg = Debug|Any CPU
		{96B2CA83-BCB7-4984-816E-4982769CF7A5}.Debug|x64.Build.0 = Debug|Any CPU
		{96B2CA83-BCB7-4984-816E-4982769CF7A5}.Debug|x86.ActiveCfg = Debug|Any CPU
		{96B2CA83-BCB7-4984-816E-4982769CF7A5}.Debug|x86.Build.0 = Debug|Any CPU
		{96B2CA83-BCB7-4984-816E-4982769CF7A5}.Release|Any CPU.ActiveCfg = Release|Any CPU
		{96B2CA83-BCB7-4984-816E-4982769CF7A5}.Release|Any CPU.Build.0 = Release|Any CPU
		{96B2CA83-BCB7-4984-816E-4982769CF7A5}.Release|x64.ActiveCfg = Release|Any CPU
		{96B2CA83-BCB7-4984-816E-4982769CF7A5}.Release|x64.Build.0 = Release|Any CPU
		{96B2CA83-BCB7-4984-816E-4982769CF7A5}.Release|x86.ActiveCfg = Release|Any CPU
		{96B2CA83-BCB7-4984-816E-4982769CF7A5}.Release|x86.Build.0 = Release|Any CPU
	EndGlobalSection
	GlobalSection(SolutionProperties) = preSolution
		HideSolutionNode = FALSE
	EndGlobalSection
	GlobalSection(ExtensibilityGlobals) = postSolution
		SolutionGuid = {2039092F-15D9-481C-824A-38B2648D1068}
	EndGlobalSection
EndGlobal
