<?xml version="1.0" encoding="utf-8"?>
<Project ToolsVersion="4.0" xmlns="http://schemas.microsoft.com/developer/msbuild/2003">
  <ItemGroup>
    <ClCompile Include="main.cpp" />
    <ClCompile Include="database.cpp">
      <Filter>recovery\database</Filter>
    </ClCompile>
    <ClCompile Include="string_cast.cpp">
      <Filter>repacker\strings</Filter>
    </ClCompile>
    <ClCompile Include="md4.cpp">
      <Filter>repacker\crypto\md4</Filter>
    </ClCompile>
    <ClCompile Include="hash_types.cpp">
      <Filter>repacker\hashes</Filter>
    </ClCompile>
    <ClCompile Include="string_structure.cpp">
      <Filter>common\structures\string</Filter>
    </ClCompile>
    <ClCompile Include="hash_structure.cpp">
      <Filter>common\structures\hash</Filter>
    </ClCompile>
    <ClCompile Include="parser_types.cpp">
      <Filter>repacker\types</Filter>
    </ClCompile>
    <ClCompile Include="resolver.cpp">
      <Filter>recovery</Filter>
    </ClCompile>
    <ClCompile Include="hash_list.cpp">
      <Filter>recovery\files\hash list</Filter>
    </ClCompile>
    <ClCompile Include="plaintext_list.cpp">
      <Filter>recovery\files\plaintext list</Filter>
    </ClCompile>
    <ClCompile Include="password_structure.cpp">
      <Filter>recovery\password</Filter>
    </ClCompile>
  </ItemGroup>
  <ItemGroup>
    <Filter Include="repacker">
      <UniqueIdentifier>{e3a5011f-2029-4eb4-a4ac-7cb6f3510fb9}</UniqueIdentifier>
    </Filter>
    <Filter Include="recovery">
      <UniqueIdentifier>{0bf2fdfe-7596-4c64-b78a-846e7f69e82b}</UniqueIdentifier>
    </Filter>
    <Filter Include="recovery\database">
      <UniqueIdentifier>{80830d52-b809-45d3-9d61-4a195e0d64c9}</UniqueIdentifier>
    </Filter>
    <Filter Include="common">
      <UniqueIdentifier>{25a7527d-6f64-45c5-8126-c36a17cb0779}</UniqueIdentifier>
    </Filter>
    <Filter Include="common\structures">
      <UniqueIdentifier>{2eb7ad05-1979-4734-85a5-8ac1c595b0a9}</UniqueIdentifier>
    </Filter>
    <Filter Include="common\structures\string">
      <UniqueIdentifier>{b21281d7-96ca-4ecd-81cd-1f1b627f9934}</UniqueIdentifier>
    </Filter>
    <Filter Include="common\structures\hash">
      <UniqueIdentifier>{67fe2f84-f688-4c75-88e7-c2ea1455c698}</UniqueIdentifier>
    </Filter>
    <Filter Include="repacker\crypto">
      <UniqueIdentifier>{d5d7b91a-f5b1-4a8e-804d-fcd0d4e18d4f}</UniqueIdentifier>
    </Filter>
    <Filter Include="repacker\crypto\md4">
      <UniqueIdentifier>{dd51bf56-9e4b-4292-839a-c4a41a4f2ff3}</UniqueIdentifier>
    </Filter>
    <Filter Include="repacker\hashes">
      <UniqueIdentifier>{f8cb3ae1-c6b6-4b74-8ca9-9cf8139044f2}</UniqueIdentifier>
    </Filter>
    <Filter Include="repacker\strings">
      <UniqueIdentifier>{f69f259f-8a61-45dd-a7e0-810d368ef86e}</UniqueIdentifier>
    </Filter>
    <Filter Include="repacker\strings\constants">
      <UniqueIdentifier>{9b9f61da-ee9c-4917-b258-c6a5e80358c8}</UniqueIdentifier>
    </Filter>
    <Filter Include="repacker\types">
      <UniqueIdentifier>{0bbe8cc7-6bdd-4dfc-9117-2fc107cdbf7d}</UniqueIdentifier>
    </Filter>
    <Filter Include="recovery\files">
      <UniqueIdentifier>{7cc230af-9954-4883-aa7a-22e3f031491b}</UniqueIdentifier>
    </Filter>
    <Filter Include="recovery\files\hash list">
      <UniqueIdentifier>{951bfb94-93d2-487d-acbd-2176219b7472}</UniqueIdentifier>
    </Filter>
    <Filter Include="recovery\files\plaintext list">
      <UniqueIdentifier>{eef5d170-ecfe-4211-a452-6cf1d14c1172}</UniqueIdentifier>
    </Filter>
    <Filter Include="recovery\password">
      <UniqueIdentifier>{041a4742-f75b-4e13-b0fc-f483412dfc7b}</UniqueIdentifier>
    </Filter>
  </ItemGroup>
  <ItemGroup>
    <ClInclude Include="database.hpp">
      <Filter>recovery\database</Filter>
    </ClInclude>
    <ClInclude Include="string_cast.hpp">
      <Filter>repacker\strings</Filter>
    </ClInclude>
    <ClInclude Include="md4.hpp">
      <Filter>repacker\crypto\md4</Filter>
    </ClInclude>
    <ClInclude Include="hash_types.hpp">
      <Filter>repacker\hashes</Filter>
    </ClInclude>
    <ClInclude Include="string_constants.hpp">
      <Filter>repacker\strings\constants</Filter>
    </ClInclude>
    <ClInclude Include="hash_structure.hpp">
      <Filter>common\structures\hash</Filter>
    </ClInclude>
    <ClInclude Include="string_structure.hpp">
      <Filter>common\structures\string</Filter>
    </ClInclude>
    <ClInclude Include="repacker.hpp">
      <Filter>repacker</Filter>
    </ClInclude>
    <ClInclude Include="parser_types.hpp">
      <Filter>repacker\types</Filter>
    </ClInclude>
    <ClInclude Include="parser.hpp">
      <Filter>repacker</Filter>
    </ClInclude>
    <ClInclude Include="resolver.hpp">
      <Filter>recovery</Filter>
    </ClInclude>
    <ClInclude Include="hash_list.hpp">
      <Filter>recovery\files\hash list</Filter>
    </ClInclude>
    <ClInclude Include="plaintext_list.hpp">
      <Filter>recovery\files\plaintext list</Filter>
    </ClInclude>
    <ClInclude Include="password_structure.hpp">
      <Filter>recovery\password</Filter>
    </ClInclude>
  </ItemGroup>
</Project>